
Microsoft Visual Studio Solution File, Format Version 12.00
# Visual Studio Version 17
VisualStudioVersion = 17.0.31919.166
MinimumVisualStudioVersion = 10.0.40219.1
Project("{FAE04EC0-301F-11D3-BF4B-00C04F79EFBC}") = "ProjetoForm", "ProjetoForm\ProjetoForm.csproj", "{8098E677-F945-41CD-8DF7-DB21835673FF}"
EndProject
Global
	GlobalSection(SolutionConfigurationPlatforms) = preSolution
		Debug|Any CPU = Debug|Any CPU
		Release|Any CPU = Release|Any CPU
	EndGlobalSection
	GlobalSection(ProjectConfigurationPlatforms) = postSolution
		{8098E677-F945-41CD-8DF7-DB21835673FF}.Debug|Any CPU.ActiveCfg = Debug|Any CPU
		{8098E677-F945-41CD-8DF7-DB21835673FF}.Debug|Any CPU.Build.0 = Debug|Any CPU
		{8098E677-F945-41CD-8DF7-DB21835673FF}.Release|Any CPU.ActiveCfg = Release|Any CPU
		{8098E677-F945-41CD-8DF7-DB21835673FF}.Release|Any CPU.Build.0 = Release|Any CPU
	EndGlobalSection
	GlobalSection(SolutionProperties) = preSolution
		HideSolutionNode = FALSE
	EndGlobalSection
	GlobalSection(ExtensibilityGlobals) = postSolution
		SolutionGuid = {9DAEF1A0-0B7E-4FEC-8055-D59A9A43D191}
	EndGlobalSection
EndGlobal
